
Microsoft Visual Studio Solution File, Format Version 12.00
# Visual Studio Version 16
VisualStudioVersion = 16.0.29806.167
MinimumVisualStudioVersion = 10.0.40219.1
Project("{FAE04EC0-301F-11D3-BF4B-00C04F79EFBC}") = "RegClient", "RegClient\RegClient.csproj", "{67A7C465-EDE7-4FE1-97AB-7212309A7AD4}"
EndProject
Project("{FAE04EC0-301F-11D3-BF4B-00C04F79EFBC}") = "RegServer", "RegServer\RegServer.csproj", "{B268EA94-8855-4684-AF6E-9DCDB9C0B5E9}"
EndProject
Global
	GlobalSection(SolutionConfigurationPlatforms) = preSolution
		Debug|Any CPU = Debug|Any CPU
		Release|Any CPU = Release|Any CPU
	EndGlobalSection
	GlobalSection(ProjectConfigurationPlatforms) = postSolution
		{67A7C465-EDE7-4FE1-97AB-7212309A7AD4}.Debug|Any CPU.ActiveCfg = Debug|Any CPU
		{67A7C465-EDE7-4FE1-97AB-7212309A7AD4}.Debug|Any CPU.Build.0 = Debug|Any CPU
		{67A7C465-EDE7-4FE1-97AB-7212309A7AD4}.Release|Any CPU.ActiveCfg = Release|Any CPU
		{67A7C465-EDE7-4FE1-97AB-7212309A7AD4}.Release|Any CPU.Build.0 = Release|Any CPU
		{B268EA94-8855-4684-AF6E-9DCDB9C0B5E9}.Debug|Any CPU.ActiveCfg = Debug|Any CPU
		{B268EA94-8855-4684-AF6E-9DCDB9C0B5E9}.Debug|Any CPU.Build.0 = Debug|Any CPU
		{B268EA94-8855-4684-AF6E-9DCDB9C0B5E9}.Release|Any CPU.ActiveCfg = Release|Any CPU
		{B268EA94-8855-4684-AF6E-9DCDB9C0B5E9}.Release|Any CPU.Build.0 = Release|Any CPU
	EndGlobalSection
	GlobalSection(SolutionProperties) = preSolution
		HideSolutionNode = FALSE
	EndGlobalSection
	GlobalSection(ExtensibilityGlobals) = postSolution
		SolutionGuid = {EC0860E9-BEF0-4F40-A8E4-E86B6447F676}
	EndGlobalSection
EndGlobal
